
Microsoft Visual Studio Solution File, Format Version 12.00
# Visual Studio Version 16
VisualStudioVersion = 16.0.29728.190
MinimumVisualStudioVersion = 10.0.40219.1
Project("{FAE04EC0-301F-11D3-BF4B-00C04F79EFBC}") = "Stealer", "Stealer\Stealer.csproj", "{574647E5-0B9C-493A-AFF3-3CD536ED26D3}"
EndProject
Project("{FAE04EC0-301F-11D3-BF4B-00C04F79EFBC}") = "AuthorProblem", "AuthorProblem\AuthorProblem.csproj", "{68F31B53-4E85-4A0C-B18E-0CE3406242B0}"
EndProject
Global
	GlobalSection(SolutionConfigurationPlatforms) = preSolution
		Debug|Any CPU = Debug|Any CPU
		Release|Any CPU = Release|Any CPU
	EndGlobalSection
	GlobalSection(ProjectConfigurationPlatforms) = postSolution
		{574647E5-0B9C-493A-AFF3-3CD536ED26D3}.Debug|Any CPU.ActiveCfg = Debug|Any CPU
		{574647E5-0B9C-493A-AFF3-3CD536ED26D3}.Debug|Any CPU.Build.0 = Debug|Any CPU
		{574647E5-0B9C-493A-AFF3-3CD536ED26D3}.Release|Any CPU.ActiveCfg = Release|Any CPU
		{574647E5-0B9C-493A-AFF3-3CD536ED26D3}.Release|Any CPU.Build.0 = Release|Any CPU
		{68F31B53-4E85-4A0C-B18E-0CE3406242B0}.Debug|Any CPU.ActiveCfg = Debug|Any CPU
		{68F31B53-4E85-4A0C-B18E-0CE3406242B0}.Debug|Any CPU.Build.0 = Debug|Any CPU
		{68F31B53-4E85-4A0C-B18E-0CE3406242B0}.Release|Any CPU.ActiveCfg = Release|Any CPU
		{68F31B53-4E85-4A0C-B18E-0CE3406242B0}.Release|Any CPU.Build.0 = Release|Any CPU
	EndGlobalSection
	GlobalSection(SolutionProperties) = preSolution
		HideSolutionNode = FALSE
	EndGlobalSection
	GlobalSection(ExtensibilityGlobals) = postSolution
		SolutionGuid = {3DC62BE9-8D8C-481F-981A-0D90A00F85FE}
	EndGlobalSection
EndGlobal
